
Microsoft Visual Studio Solution File, Format Version 12.00
# Visual Studio Version 17
VisualStudioVersion = 17.8.34525.116
MinimumVisualStudioVersion = 10.0.40219.1
Project("{FAE04EC0-301F-11D3-BF4B-00C04F79EFBC}") = "UrlCheckerService", "UrlCheckerService\UrlCheckerService.csproj", "{A68F1FB9-719A-41F6-BD35-DC4DEBB49429}"
EndProject
Global
	GlobalSection(SolutionConfigurationPlatforms) = preSolution
		Debug|Any CPU = Debug|Any CPU
		Release|Any CPU = Release|Any CPU
	EndGlobalSection
	GlobalSection(ProjectConfigurationPlatforms) = postSolution
		{A68F1FB9-719A-41F6-BD35-DC4DEBB49429}.Debug|Any CPU.ActiveCfg = Debug|Any CPU
		{A68F1FB9-719A-41F6-BD35-DC4DEBB49429}.Debug|Any CPU.Build.0 = Debug|Any CPU
		{A68F1FB9-719A-41F6-BD35-DC4DEBB49429}.Release|Any CPU.ActiveCfg = Release|Any CPU
		{A68F1FB9-719A-41F6-BD35-DC4DEBB49429}.Release|Any CPU.Build.0 = Release|Any CPU
	EndGlobalSection
	GlobalSection(SolutionProperties) = preSolution
		HideSolutionNode = FALSE
	EndGlobalSection
	GlobalSection(ExtensibilityGlobals) = postSolution
		SolutionGuid = {2F2CD8D7-8C4E-4665-B6E3-0A79408C1EBE}
	EndGlobalSection
EndGlobal
